
Microsoft Visual Studio Solution File, Format Version 12.00
# Visual Studio Version 16
VisualStudioVersion = 16.0.28803.352
MinimumVisualStudioVersion = 10.0.40219.1
Project("{FAE04EC0-301F-11D3-BF4B-00C04F79EFBC}") = "pruebaalgo", "pruebaalgo.csproj", "{0378B33D-372A-4B21-A601-343190534C73}"
EndProject
Project("{FAE04EC0-301F-11D3-BF4B-00C04F79EFBC}") = "esf", "..\esf\esf.csproj", "{2B5538EB-438D-4CC7-BA9B-E33FD12DE0D4}"
EndProject
Global
	GlobalSection(SolutionConfigurationPlatforms) = preSolution
		Debug|Any CPU = Debug|Any CPU
		Release|Any CPU = Release|Any CPU
	EndGlobalSection
	GlobalSection(ProjectConfigurationPlatforms) = postSolution
		{0378B33D-372A-4B21-A601-343190534C73}.Debug|Any CPU.ActiveCfg = Debug|Any CPU
		{0378B33D-372A-4B21-A601-343190534C73}.Debug|Any CPU.Build.0 = Debug|Any CPU
		{0378B33D-372A-4B21-A601-343190534C73}.Release|Any CPU.ActiveCfg = Release|Any CPU
		{0378B33D-372A-4B21-A601-343190534C73}.Release|Any CPU.Build.0 = Release|Any CPU
		{2B5538EB-438D-4CC7-BA9B-E33FD12DE0D4}.Debug|Any CPU.ActiveCfg = Debug|Any CPU
		{2B5538EB-438D-4CC7-BA9B-E33FD12DE0D4}.Debug|Any CPU.Build.0 = Debug|Any CPU
		{2B5538EB-438D-4CC7-BA9B-E33FD12DE0D4}.Release|Any CPU.ActiveCfg = Release|Any CPU
		{2B5538EB-438D-4CC7-BA9B-E33FD12DE0D4}.Release|Any CPU.Build.0 = Release|Any CPU
	EndGlobalSection
	GlobalSection(SolutionProperties) = preSolution
		HideSolutionNode = FALSE
	EndGlobalSection
	GlobalSection(ExtensibilityGlobals) = postSolution
		SolutionGuid = {955B41F4-A6FC-4B33-A282-8EA515A412CE}
	EndGlobalSection
EndGlobal
